
Microsoft Visual Studio Solution File, Format Version 11.00
# Visual C++ Express 2010
Project("{8BC9CEB8-8B4A-11D0-8D11-00A0C91BC942}") = "GetRawInputDeviceList20160705", "GetRawInputDeviceList20160705\GetRawInputDeviceList20160705.vcxproj", "{039FAD3F-004B-43E5-801A-62B03EAD49A2}"
EndProject
Global
	GlobalSection(SolutionConfigurationPlatforms) = preSolution
		Debug|Win32 = Debug|Win32
		Release|Win32 = Release|Win32
	EndGlobalSection
	GlobalSection(ProjectConfigurationPlatforms) = postSolution
		{039FAD3F-004B-43E5-801A-62B03EAD49A2}.Debug|Win32.ActiveCfg = Debug|Win32
		{039FAD3F-004B-43E5-801A-62B03EAD49A2}.Debug|Win32.Build.0 = Debug|Win32
		{039FAD3F-004B-43E5-801A-62B03EAD49A2}.Release|Win32.ActiveCfg = Release|Win32
		{039FAD3F-004B-43E5-801A-62B03EAD49A2}.Release|Win32.Build.0 = Release|Win32
	EndGlobalSection
	GlobalSection(SolutionProperties) = preSolution
		HideSolutionNode = FALSE
	EndGlobalSection
EndGlobal
